
Microsoft Visual Studio Solution File, Format Version 12.00
# Visual Studio Version 16
VisualStudioVersion = 16.0.30517.126
MinimumVisualStudioVersion = 10.0.40219.1
Project("{FAE04EC0-301F-11D3-BF4B-00C04F79EFBC}") = "lab_three", "lab_three\lab_three.csproj", "{C6077086-5AE0-48C6-A1AE-5C341883563B}"
EndProject
Global
	GlobalSection(SolutionConfigurationPlatforms) = preSolution
		Debug|Any CPU = Debug|Any CPU
		Release|Any CPU = Release|Any CPU
	EndGlobalSection
	GlobalSection(ProjectConfigurationPlatforms) = postSolution
		{C6077086-5AE0-48C6-A1AE-5C341883563B}.Debug|Any CPU.ActiveCfg = Debug|Any CPU
		{C6077086-5AE0-48C6-A1AE-5C341883563B}.Debug|Any CPU.Build.0 = Debug|Any CPU
		{C6077086-5AE0-48C6-A1AE-5C341883563B}.Release|Any CPU.ActiveCfg = Release|Any CPU
		{C6077086-5AE0-48C6-A1AE-5C341883563B}.Release|Any CPU.Build.0 = Release|Any CPU
	EndGlobalSection
	GlobalSection(SolutionProperties) = preSolution
		HideSolutionNode = FALSE
	EndGlobalSection
	GlobalSection(ExtensibilityGlobals) = postSolution
		SolutionGuid = {AD8CE4CD-B85A-4AE7-908E-B821D38F5404}
	EndGlobalSection
EndGlobal
