
Microsoft Visual Studio Solution File, Format Version 12.00
# Visual Studio Version 16
VisualStudioVersion = 16.0.30517.126
MinimumVisualStudioVersion = 10.0.40219.1
Project("{FAE04EC0-301F-11D3-BF4B-00C04F79EFBC}") = "lab_four", "lab_four\lab_four.csproj", "{BDF46627-2C96-4B19-8C77-3F226878EA57}"
EndProject
Global
	GlobalSection(SolutionConfigurationPlatforms) = preSolution
		Debug|Any CPU = Debug|Any CPU
		Release|Any CPU = Release|Any CPU
	EndGlobalSection
	GlobalSection(ProjectConfigurationPlatforms) = postSolution
		{BDF46627-2C96-4B19-8C77-3F226878EA57}.Debug|Any CPU.ActiveCfg = Debug|Any CPU
		{BDF46627-2C96-4B19-8C77-3F226878EA57}.Debug|Any CPU.Build.0 = Debug|Any CPU
		{BDF46627-2C96-4B19-8C77-3F226878EA57}.Release|Any CPU.ActiveCfg = Release|Any CPU
		{BDF46627-2C96-4B19-8C77-3F226878EA57}.Release|Any CPU.Build.0 = Release|Any CPU
	EndGlobalSection
	GlobalSection(SolutionProperties) = preSolution
		HideSolutionNode = FALSE
	EndGlobalSection
	GlobalSection(ExtensibilityGlobals) = postSolution
		SolutionGuid = {2CD242D9-D1C5-4CC8-B565-35A37300AD8B}
	EndGlobalSection
EndGlobal
